
Microsoft Visual Studio Solution File, Format Version 12.00
# Visual Studio Version 16
VisualStudioVersion = 16.0.29102.190
MinimumVisualStudioVersion = 10.0.40219.1
Project("{9A19103F-16F7-4668-BE54-9A1E7A4F7556}") = "FranCoffee", "FranCoffee\FranCoffee.csproj", "{30B74514-C22B-4ECE-9121-A6E8D539D02A}"
EndProject
Project("{9A19103F-16F7-4668-BE54-9A1E7A4F7556}") = "FranCoffee.Website", "FranCoffee.Website\FranCoffee.Website.csproj", "{0DB282FB-AB3B-43E1-8752-B7EA60856F2B}"
EndProject
Project("{FAE04EC0-301F-11D3-BF4B-00C04F79EFBC}") = "Helpers", "Helpers\Helpers.csproj", "{503994F6-7D5F-48D7-A7FB-BD63E72CA066}"
EndProject
Global
	GlobalSection(SolutionConfigurationPlatforms) = preSolution
		Debug|Any CPU = Debug|Any CPU
		Release|Any CPU = Release|Any CPU
	EndGlobalSection
	GlobalSection(ProjectConfigurationPlatforms) = postSolution
		{30B74514-C22B-4ECE-9121-A6E8D539D02A}.Debug|Any CPU.ActiveCfg = Debug|Any CPU
		{30B74514-C22B-4ECE-9121-A6E8D539D02A}.Debug|Any CPU.Build.0 = Debug|Any CPU
		{30B74514-C22B-4ECE-9121-A6E8D539D02A}.Release|Any CPU.ActiveCfg = Release|Any CPU
		{30B74514-C22B-4ECE-9121-A6E8D539D02A}.Release|Any CPU.Build.0 = Release|Any CPU
		{0DB282FB-AB3B-43E1-8752-B7EA60856F2B}.Debug|Any CPU.ActiveCfg = Debug|Any CPU
		{0DB282FB-AB3B-43E1-8752-B7EA60856F2B}.Debug|Any CPU.Build.0 = Debug|Any CPU
		{0DB282FB-AB3B-43E1-8752-B7EA60856F2B}.Release|Any CPU.ActiveCfg = Release|Any CPU
		{0DB282FB-AB3B-43E1-8752-B7EA60856F2B}.Release|Any CPU.Build.0 = Release|Any CPU
		{503994F6-7D5F-48D7-A7FB-BD63E72CA066}.Debug|Any CPU.ActiveCfg = Debug|Any CPU
		{503994F6-7D5F-48D7-A7FB-BD63E72CA066}.Debug|Any CPU.Build.0 = Debug|Any CPU
		{503994F6-7D5F-48D7-A7FB-BD63E72CA066}.Release|Any CPU.ActiveCfg = Release|Any CPU
		{503994F6-7D5F-48D7-A7FB-BD63E72CA066}.Release|Any CPU.Build.0 = Release|Any CPU
	EndGlobalSection
	GlobalSection(SolutionProperties) = preSolution
		HideSolutionNode = FALSE
	EndGlobalSection
	GlobalSection(ExtensibilityGlobals) = postSolution
		SolutionGuid = {4543B597-1127-466F-BC38-06CCB84646D2}
	EndGlobalSection
EndGlobal
